<Solution>
  <Folder Name="/Solution Items/">
    <File Path="Directory.Build.targets" />
  </Folder>
  <Folder Name="/src/" />
  <Folder Name="/src/Client/">
    <Project Path="src/Client/Todo.Client/Todo.Client.csproj" />
  </Folder>
  <Folder Name="/src/Native/">
    <Project Path="src/Native/Todo.Desktop/Todo.Desktop.csproj" />
  </Folder>
  <Folder Name="/src/Server/">
    <Project Path="src/Server/Todo.Server.Shared/Todo.Server.Shared.csproj" Id="1b6a3365-fcff-489c-97ec-f099bc02e69e" />
  </Folder>
  <Folder Name="/src/Server/API Gateway/">
    <Project Path="src/Server/API Gateway/Todo.ApiGateway/Todo.ApiGateway.csproj" Id="57978486-ebae-44f5-9c26-690c2e79696e" />
  </Folder>
  <Folder Name="/src/Server/Identity/">
    <Project Path="src/Server/Identity/Todo.Identity/Todo.Identity.csproj" Id="ecbc493d-54a7-4cf3-b8ec-8c82a6c435cf" />
  </Folder>
  <Folder Name="/src/Server/Main/">
    <Project Path="src/Server/Main/Todo.Main.Api/Todo.Main.Api.csproj" Id="d250195a-53a2-4f07-a44e-df8922ad7b8e" />
    <Project Path="src/Server/Main/Todo.Main.Application/Todo.Main.Application.csproj" Id="32b491ef-c4cf-4575-a878-44187765d0e1" />
    <Project Path="src/Server/Main/Todo.Main.Domain/Todo.Main.Domain.csproj" Id="4bd39e26-2bda-4bbe-9415-7e053c1551fb" />
    <Project Path="src/Server/Main/Todo.Main.Infrastructure/Todo.Main.Infrastructure.csproj" Id="c918db30-e919-4300-8927-c119b0dfd98a" />
  </Folder>
  <Folder Name="/src/Server/Notifiction/">
    <Project Path="src/Server/Notification/Todo.Notification.Api/Todo.Notification.Api.csproj" Id="89b905d7-897c-4a3e-9d50-bfd106380738" />
    <Project Path="src/Server/Notification/Todo.Notification.Application/Todo.Notification.Application.csproj" Id="cad01cf9-1643-4908-8572-e7209d12e9a0" />
    <Project Path="src/Server/Notification/Todo.Notification.Domain/Todo.Notification.Domain.csproj" Id="163b804d-c8cd-4f1f-97fd-2501297a9689" />
    <Project Path="src/Server/Notification/Todo.Notification.Infrastructure/Todo.Notification.Infrastructure.csproj" Id="d89dc87c-d975-4187-9e96-38663944606d" />
  </Folder>
  <Folder Name="/src/Server/Search/">
    <Project Path="src/Server/Search/Todo.Search.Api/Todo.Search.Api.csproj" Id="1d21c02c-5f36-4661-ab2a-139bc4592ba9" />
    <Project Path="src/Server/Search/Todo.Search.Application/Todo.Search.Application.csproj" Id="3eaf1b14-e31d-438c-862b-15ff99533f68" />
    <Project Path="src/Server/Search/Todo.Search.Domain/Todo.Search.Domain.csproj" Id="f4ba49a4-3408-4d2b-94bc-15bb6854885e" />
    <Project Path="src/Server/Search/Todo.Search.Infrastructure/Todo.Search.Infrastructure.csproj" Id="e22f26f8-5558-4e32-b49a-4619997144c1" />
  </Folder>
  <Folder Name="/src/Server/User Profile/">
    <Project Path="src/Server/User Profile/Todo.UserProfile.Api/Todo.UserProfile.Api.csproj" Id="68c63442-0cb6-4791-9c0a-f3e495faec0e" />
    <Project Path="src/Server/User Profile/Todo.UserProfile.Application/Todo.UserProfile.Application.csproj" Id="84405ba2-da07-44ad-8b32-6561b1e9c5be" />
    <Project Path="src/Server/User Profile/Todo.UserProfile.Domain/Todo.UserProfile.Domain.csproj" Id="a8dba9dd-7dd0-4a06-b95b-19e76c9c7726" />
    <Project Path="src/Server/User Profile/Todo.UserProfile.Infrastructure/Todo.UserProfile.Infrastructure.csproj" Id="818ee66e-fe28-48f3-9aee-9cde57a1aa3a" />
  </Folder>
  <Folder Name="/src/Shared/">
    <Project Path="src/Shared/Todo.Shared/Todo.Shared.csproj" />
  </Folder>
  <Folder Name="/tests/" />
  <Folder Name="/tests/Client/">
    <Project Path="tests/Client/Todo.Client.Tests/Todo.Client.Tests.csproj" Id="ed86a60b-8f63-42ea-8ace-59608965f663" />
  </Folder>
  <Folder Name="/tests/Native/">
    <Project Path="tests/Native/Todo.Desktop.Tests/Todo.Desktop.Tests.csproj" Id="1f82da52-8c6a-40cd-8ddb-165a79dc0f9e" />
  </Folder>
  <Folder Name="/tests/Server/" />
  <Folder Name="/tests/Server/Identity/">
    <Project Path="tests/Server/Identity/Todo.Identity.Tests/Todo.Identity.Tests.csproj" Id="c4ae86b9-27fe-4620-a987-559241dd6cb3" />
  </Folder>
  <Folder Name="/tests/Server/Main/">
    <Project Path="tests/Server/Main/Todo.Main.Api.Tests/Todo.Main.Api.Tests.csproj" Id="76de0604-6003-4bbc-b99d-b7c81ed6a895" />
    <Project Path="tests/Server/Main/Todo.Main.Application.Tests/Todo.Main.Application.Tests.csproj" Id="9e5dc0e7-d6ac-444f-bd9d-793b1ddaad6d" />
    <Project Path="tests/Server/Main/Todo.Main.Domain.Tests/Todo.Main.Domain.Tests.csproj" Id="dec802f0-9c2c-41ab-b8b3-c54743803b3c" />
    <Project Path="tests/Server/Main/Todo.Main.Infrastructure.Tests/Todo.Main.Infrastructure.Tests.csproj" Id="87bd365a-a7b4-47de-89ef-4885ea81719a" />
  </Folder>
  <Folder Name="/tests/Server/Notification/">
    <Project Path="tests/Server/Notification/Todo.Notification.Api.Tests/Todo.Notification.Api.Tests.csproj" Id="1ce5d841-5114-4c26-929b-6ef5d1c15973" />
    <Project Path="tests/Server/Notification/Todo.Notification.Application.Tests/Todo.Notification.Application.Tests.csproj" Id="b2ef550c-20a2-4c57-bfc8-c8d9b252a065" />
    <Project Path="tests/Server/Notification/Todo.Notification.Domain.Tests/Todo.Notification.Domain.Tests.csproj" Id="dea76fd9-3d3d-4344-ba65-38b4e60b87db" />
    <Project Path="tests/Server/Notification/Todo.Notification.Infrastructure.Tests/Todo.Notification.Infrastructure.Tests.csproj" Id="b7851ee7-b31c-4502-9bb1-1601614c458b" />
  </Folder>
  <Folder Name="/tests/Server/Search/">
    <Project Path="tests/Server/Search/Todo.Search.Api.Tests/Todo.Search.Api.Tests.csproj" Id="deed5dde-391b-4bff-8225-c13237365fb9" />
    <Project Path="tests/Server/Search/Todo.Search.Application.Tests/Todo.Search.Application.Tests.csproj" Id="69975845-e474-4518-86db-a84572a155c6" />
    <Project Path="tests/Server/Search/Todo.Search.Domain.Tests/Todo.Search.Domain.Tests.csproj" Id="72ccebb8-95dc-4411-850b-17b61fcf0925" />
    <Project Path="tests/Server/Search/Todo.Search.Infrastructure.Tests/Todo.Search.Infrastructure.Tests.csproj" Id="57879748-c8db-44dd-ba63-00ab7fab9e55" />
  </Folder>
  <Folder Name="/tests/Server/User Profile/">
    <Project Path="tests/Server/User Profile/Todo.UserProfile.Api.Tests/Todo.UserProfile.Api.Tests.csproj" Id="b355fd77-d7db-4034-8ce4-43b1139fee54" />
    <Project Path="tests/Server/User Profile/Todo.UserProfile.Application.Tests/Todo.UserProfile.Application.Tests.csproj" Id="c6b5e627-ecc7-4b77-bd0c-a6b4184ba58c" />
    <Project Path="tests/Server/User Profile/Todo.UserProfile.Domain.Tests/Todo.UserProfile.Domain.Tests.csproj" Id="506ee961-42d2-49be-904e-c9abf17a0f57" />
    <Project Path="tests/Server/User Profile/Todo.UserProfile.Infrastructure.Tests/Todo.UserProfile.Infrastructure.Tests.csproj" Id="017c988c-2f18-4dbe-913e-5151a44623b0" />
  </Folder>
  <Project Path="docker-compose.dcproj">
    <Build />
  </Project>
</Solution>
